
Microsoft Visual Studio Solution File, Format Version 12.00
# Visual Studio 2012
Project("{FAE04EC0-301F-11D3-BF4B-00C04F79EFBC}") = "AcceptanceTests", "AcceptanceTests\AcceptanceTests.csproj", "{598BE0A6-DD63-4426-8DB5-52051D009A9C}"
EndProject
Project("{2150E333-8FDC-42A3-9474-1A3956D46DE8}") = ".nuget", ".nuget", "{CFD4B362-8407-4D9B-BD45-3F12049EB5EF}"
	ProjectSection(SolutionItems) = preProject
		.nuget\NuGet.Config = .nuget\NuGet.Config
		.nuget\NuGet.exe = .nuget\NuGet.exe
		.nuget\NuGet.targets = .nuget\NuGet.targets
	EndProjectSection
EndProject
Global
	GlobalSection(SolutionConfigurationPlatforms) = preSolution
		Debug|Any CPU = Debug|Any CPU
		Release|Any CPU = Release|Any CPU
	EndGlobalSection
	GlobalSection(ProjectConfigurationPlatforms) = postSolution
		{598BE0A6-DD63-4426-8DB5-52051D009A9C}.Debug|Any CPU.ActiveCfg = Debug|Any CPU
		{598BE0A6-DD63-4426-8DB5-52051D009A9C}.Debug|Any CPU.Build.0 = Debug|Any CPU
		{598BE0A6-DD63-4426-8DB5-52051D009A9C}.Release|Any CPU.ActiveCfg = Release|Any CPU
		{598BE0A6-DD63-4426-8DB5-52051D009A9C}.Release|Any CPU.Build.0 = Release|Any CPU
	EndGlobalSection
	GlobalSection(SolutionProperties) = preSolution
		HideSolutionNode = FALSE
	EndGlobalSection
EndGlobal
